
Microsoft Visual Studio Solution File, Format Version 12.00
# Visual Studio Version 17
VisualStudioVersion = 17.7.34024.191
MinimumVisualStudioVersion = 10.0.40219.1
Project("{FAE04EC0-301F-11D3-BF4B-00C04F79EFBC}") = "tema4_pr2", "tema4_pr2\tema4_pr2.csproj", "{9ED4D891-2344-434F-8753-1814FDEE66E8}"
EndProject
Global
	GlobalSection(SolutionConfigurationPlatforms) = preSolution
		Debug|Any CPU = Debug|Any CPU
		Release|Any CPU = Release|Any CPU
	EndGlobalSection
	GlobalSection(ProjectConfigurationPlatforms) = postSolution
		{9ED4D891-2344-434F-8753-1814FDEE66E8}.Debug|Any CPU.ActiveCfg = Debug|Any CPU
		{9ED4D891-2344-434F-8753-1814FDEE66E8}.Debug|Any CPU.Build.0 = Debug|Any CPU
		{9ED4D891-2344-434F-8753-1814FDEE66E8}.Release|Any CPU.ActiveCfg = Release|Any CPU
		{9ED4D891-2344-434F-8753-1814FDEE66E8}.Release|Any CPU.Build.0 = Release|Any CPU
	EndGlobalSection
	GlobalSection(SolutionProperties) = preSolution
		HideSolutionNode = FALSE
	EndGlobalSection
	GlobalSection(ExtensibilityGlobals) = postSolution
		SolutionGuid = {34C9B6F4-14AA-4E9F-A3A8-DA59D04D95C6}
	EndGlobalSection
EndGlobal
